{
  "name": "entry",
  "version": "1.0.0",
  "lockfileVersion": 1,
  "requires": true,
  "dependencies": {
    "@ohos/crypto-js": {
      "version": "1.0.6",
      "resolved": "https://repo.harmonyos.com/npm/@ohos/crypto-js/-/@ohos/crypto-js-1.0.6.tgz",
      "integrity": "sha512-mae9k13qklho2AFnoGG5KSkNj6S9uRcjz9wQzPQKjQ8Dw7gMEIX+7G+iAKQeh+6uYnJy8L7o9W3huDhPXbiPFA==",
      "requires": {
        "crypto-js": "^4.1.1"
      }
    },
    "@ohos/fileio-extra": {
      "version": "0.1.1",
      "resolved": "https://repo.harmonyos.com/npm/@ohos/fileio-extra/-/@ohos/fileio-extra-0.1.1.tgz",
      "integrity": "sha512-4x+l74zK/ZU3JDotvnyD8AuurWzrUmW51gZfGWrKVn7flqjODqsSFg+6rqxkD2cW9erWM4LBsf62EL68G1xicA=="
    },
    "@ohos/ijkplayer": {
      "version": "1.0.5",
      "resolved": "https://repo.harmonyos.com/npm/@ohos/ijkplayer/-/@ohos/ijkplayer-1.0.5.tgz",
      "integrity": "sha512-RNL0Q7UVWOfXClRN8MbmQ91RCyX1rIZS6IKRWTc9Nrd1mDN0PIKtUbiR0lAYKEVwD5q+QDPAE+F364syQ9WwVg=="
    },
    "crypto-js": {
      "version": "4.1.1",
      "resolved": "https://repo.huaweicloud.com/repository/npm/crypto-js/-/crypto-js-4.1.1.tgz",
      "integrity": "sha512-o2JlM7ydqd3Qk9CA0L4NL6mTzU2sdx96a+oOfPu8Mkl/PK51vSyoi8/rQ8NknZtk44vq15lmhAj9CIAGwgeWKw=="
    },
    "deepmerge": {
      "version": "4.3.1",
      "resolved": "https://repo.huaweicloud.com/repository/npm/deepmerge/-/deepmerge-4.3.1.tgz",
      "integrity": "sha512-3sUqbMEc77XqpdNO7FRyRog+eW3ph+GYCbj+rK+uYyRMuwsVy0rMiVtPn+QJlKFvWP/1PYpapqYn0Me2knFn+A=="
    },
    "dom-serializer": {
      "version": "2.0.0",
      "resolved": "https://repo.huaweicloud.com/repository/npm/dom-serializer/-/dom-serializer-2.0.0.tgz",
      "integrity": "sha512-wIkAryiqt/nV5EQKqQpo3SToSOV9J0DnbJqwK7Wv/Trc92zIAYZ4FlMu+JPFW1DfGFt81ZTCGgDEabffXeLyJg==",
      "requires": {
        "domelementtype": "^2.3.0",
        "domhandler": "^5.0.2",
        "entities": "^4.2.0"
      }
    },
    "domelementtype": {
      "version": "2.3.0",
      "resolved": "https://repo.huaweicloud.com/repository/npm/domelementtype/-/domelementtype-2.3.0.tgz",
      "integrity": "sha512-OLETBj6w0OsagBwdXnPdN0cnMfF9opN69co+7ZrbfPGrdpPVNBUj02spi6B1N7wChLQiPn4CSH/zJvXw56gmHw=="
    },
    "domhandler": {
      "version": "5.0.3",
      "resolved": "https://repo.huaweicloud.com/repository/npm/domhandler/-/domhandler-5.0.3.tgz",
      "integrity": "sha512-cgwlv/1iFQiFnU96XXgROh8xTeetsnJiDsTc7TYCLFd9+/WNkIqPTxiM/8pSd8VIrhXGTf1Ny1q1hquVqDJB5w==",
      "requires": {
        "domelementtype": "^2.3.0"
      }
    },
    "domutils": {
      "version": "3.1.0",
      "resolved": "https://repo.huaweicloud.com/repository/npm/domutils/-/domutils-3.1.0.tgz",
      "integrity": "sha512-H78uMmQtI2AhgDJjWeQmHwJJ2bLPD3GMmO7Zja/ZZh84wkm+4ut+IUnUdRa8uCGX88DiVx1j6FRe1XfxEgjEZA==",
      "requires": {
        "dom-serializer": "^2.0.0",
        "domelementtype": "^2.3.0",
        "domhandler": "^5.0.3"
      }
    },
    "entities": {
      "version": "4.5.0",
      "resolved": "https://repo.huaweicloud.com/repository/npm/entities/-/entities-4.5.0.tgz",
      "integrity": "sha512-V0hjH4dGPh9Ao5p0MoRY6BVqtwCjhz6vI5LT8AJ55H+4g9/4vbHx1I54fS0XuclLhDHArPQCiMjDxjaL8fPxhw=="
    },
    "escape-string-regexp": {
      "version": "4.0.0",
      "resolved": "https://repo.huaweicloud.com/repository/npm/escape-string-regexp/-/escape-string-regexp-4.0.0.tgz",
      "integrity": "sha512-TtpcNJ3XAzx3Gq8sWRzJaVajRs0uVxA2YAkdb1jm2YkPz4G6egUFAyA3n5vtEIZefPk5Wa4UXbKuS5fKkJWdgA=="
    },
    "htmlparser2": {
      "version": "8.0.2",
      "resolved": "https://repo.huaweicloud.com/repository/npm/htmlparser2/-/htmlparser2-8.0.2.tgz",
      "integrity": "sha512-GYdjWKDkbRLkZ5geuHs5NY1puJ+PXwP7+fHPRz06Eirsb9ugf6d8kkXav6ADhcODhFFPMIXyxkxSuMf3D6NCFA==",
      "requires": {
        "domelementtype": "^2.3.0",
        "domhandler": "^5.0.3",
        "domutils": "^3.0.1",
        "entities": "^4.4.0"
      }
    },
    "is-plain-object": {
      "version": "5.0.0",
      "resolved": "https://repo.huaweicloud.com/repository/npm/is-plain-object/-/is-plain-object-5.0.0.tgz",
      "integrity": "sha512-VRSzKkbMm5jMDoKLbltAkFQ5Qr7VDiTFGXxYFXXowVj387GeGNOCsOH6Msy00SGZ3Fp84b1Naa1psqgcCIEP5Q=="
    },
    "nanoid": {
      "version": "3.3.6",
      "resolved": "https://repo.huaweicloud.com/repository/npm/nanoid/-/nanoid-3.3.6.tgz",
      "integrity": "sha512-BGcqMMJuToF7i1rt+2PWSNVnWIkGCU78jBG3RxO/bZlnZPK2Cmi2QaffxGO/2RvWi9sL+FAiRiXMgsyxQ1DIDA=="
    },
    "parse-srcset": {
      "version": "1.0.2",
      "resolved": "https://repo.huaweicloud.com/repository/npm/parse-srcset/-/parse-srcset-1.0.2.tgz",
      "integrity": "sha512-/2qh0lav6CmI15FzA3i/2Bzk2zCgQhGMkvhOhKNcBVQ1ldgpbfiNTVslmooUmWJcADi1f1kIeynbDRVzNlfR6Q=="
    },
    "picocolors": {
      "version": "1.0.0",
      "resolved": "https://repo.huaweicloud.com/repository/npm/picocolors/-/picocolors-1.0.0.tgz",
      "integrity": "sha512-1fygroTLlHu66zi26VoTDv8yRgm0Fccecssto+MhsZ0D/DGW2sm8E8AjW7NU5VVTRt5GxbeZ5qBuJr+HyLYkjQ=="
    },
    "postcss": {
      "version": "8.4.23",
      "resolved": "https://repo.huaweicloud.com/repository/npm/postcss/-/postcss-8.4.23.tgz",
      "integrity": "sha512-bQ3qMcpF6A/YjR55xtoTr0jGOlnPOKAIMdOWiv0EIT6HVPEaJiJB4NLljSbiHoC2RX7DN5Uvjtpbg1NPdwv1oA==",
      "requires": {
        "nanoid": "^3.3.6",
        "picocolors": "^1.0.0",
        "source-map-js": "^1.0.2"
      }
    },
    "reflect-metadata": {
      "version": "0.1.13",
      "resolved": "https://repo.huaweicloud.com/repository/npm/reflect-metadata/-/reflect-metadata-0.1.13.tgz",
      "integrity": "sha512-Ts1Y/anZELhSsjMcU605fU9RE4Oi3p5ORujwbIKXfWa+0Zxs510Qrmrce5/Jowq3cHSZSJqBjypxmHarc+vEWg=="
    },
    "sanitize-html": {
      "version": "2.10.0",
      "resolved": "https://repo.huaweicloud.com/repository/npm/sanitize-html/-/sanitize-html-2.10.0.tgz",
      "integrity": "sha512-JqdovUd81dG4k87vZt6uA6YhDfWkUGruUu/aPmXLxXi45gZExnt9Bnw/qeQU8oGf82vPyaE0vO4aH0PbobB9JQ==",
      "requires": {
        "deepmerge": "^4.2.2",
        "escape-string-regexp": "^4.0.0",
        "htmlparser2": "^8.0.0",
        "is-plain-object": "^5.0.0",
        "parse-srcset": "^1.0.2",
        "postcss": "^8.3.11"
      }
    },
    "source-map-js": {
      "version": "1.0.2",
      "resolved": "https://repo.huaweicloud.com/repository/npm/source-map-js/-/source-map-js-1.0.2.tgz",
      "integrity": "sha512-R0XvVJ9WusLiqTCEiGCmICCMplcCkIwwR11mOSD9CR5u+IXYdiseeEuXCVAjS54zqwkLcPNnmU4OeJ6tUrWhDw=="
    }
  }
}
